
Microsoft Visual Studio Solution File, Format Version 12.00
# Visual Studio Version 17
VisualStudioVersion = 17.14.37614.0 d17.14
MinimumVisualStudioVersion = 10.0.40219.1
Project("{FAE04EC0-301F-11D3-BF4B-00C04F79EFBC}") = "UzenetkuldoWCF", "UzenetkuldoWCF\UzenetkuldoWCF.csproj", "{F2B818C8-2EEE-415F-85E4-3C9606D2D167}"
EndProject
Global
	GlobalSection(SolutionConfigurationPlatforms) = preSolution
		Debug|Any CPU = Debug|Any CPU
		Release|Any CPU = Release|Any CPU
	EndGlobalSection
	GlobalSection(ProjectConfigurationPlatforms) = postSolution
		{F2B818C8-2EEE-415F-85E4-3C9606D2D167}.Debug|Any CPU.ActiveCfg = Debug|Any CPU
		{F2B818C8-2EEE-415F-85E4-3C9606D2D167}.Debug|Any CPU.Build.0 = Debug|Any CPU
		{F2B818C8-2EEE-415F-85E4-3C9606D2D167}.Release|Any CPU.ActiveCfg = Release|Any CPU
		{F2B818C8-2EEE-415F-85E4-3C9606D2D167}.Release|Any CPU.Build.0 = Release|Any CPU
	EndGlobalSection
	GlobalSection(SolutionProperties) = preSolution
		HideSolutionNode = FALSE
	EndGlobalSection
	GlobalSection(ExtensibilityGlobals) = postSolution
		SolutionGuid = {307BB691-A6B9-4740-B6BD-520D4D4836D2}
	EndGlobalSection
EndGlobal
